
Microsoft Visual Studio Solution File, Format Version 12.00
# Visual Studio Version 17
VisualStudioVersion = 17.10.35027.167
MinimumVisualStudioVersion = 10.0.40219.1
Project("{FAE04EC0-301F-11D3-BF4B-00C04F79EFBC}") = "Backend", "Backend\Backend.csproj", "{1249B846-A89D-4202-B34C-F8101EEFAF8B}"
EndProject
Project("{2150E333-8FDC-42A3-9474-1A3956D46DE8}") = "Solution Items", "Solution Items", "{F4AA3C3A-C03C-42A9-94D5-71046B21EEEA}"
	ProjectSection(SolutionItems) = preProject
		.editorconfig = .editorconfig
	EndProjectSection
EndProject
Global
	GlobalSection(SolutionConfigurationPlatforms) = preSolution
		Debug|Any CPU = Debug|Any CPU
		Release|Any CPU = Release|Any CPU
	EndGlobalSection
	GlobalSection(ProjectConfigurationPlatforms) = postSolution
		{1249B846-A89D-4202-B34C-F8101EEFAF8B}.Debug|Any CPU.ActiveCfg = Debug|Any CPU
		{1249B846-A89D-4202-B34C-F8101EEFAF8B}.Debug|Any CPU.Build.0 = Debug|Any CPU
		{1249B846-A89D-4202-B34C-F8101EEFAF8B}.Release|Any CPU.ActiveCfg = Release|Any CPU
		{1249B846-A89D-4202-B34C-F8101EEFAF8B}.Release|Any CPU.Build.0 = Release|Any CPU
	EndGlobalSection
	GlobalSection(SolutionProperties) = preSolution
		HideSolutionNode = FALSE
	EndGlobalSection
	GlobalSection(ExtensibilityGlobals) = postSolution
		SolutionGuid = {8CFA5E9E-0AFB-4A2A-9F35-B25045690941}
	EndGlobalSection
EndGlobal
